{
  "lockfile_version": "1",
  "packages": {
    "ginkgo@latest": {
      "last_modified": "2026-01-31T12:06:42Z",
      "resolved": "github:NixOS/nixpkgs/f214de98544a6acf0d9917ba265ac50849048fcb#ginkgo",
      "source": "devbox-search",
      "version": "2.28.1",
      "systems": {
        "aarch64-darwin": {
          "outputs": [
            {
              "name": "out",
              "path": "/nix/store/n559lr9yzsjrja0zf1b0s5pwifplr8lv-ginkgo-2.28.1",
              "default": true
            }
          ],
          "store_path": "/nix/store/n559lr9yzsjrja0zf1b0s5pwifplr8lv-ginkgo-2.28.1"
        },
        "aarch64-linux": {
          "outputs": [
            {
              "name": "out",
              "path": "/nix/store/0xnvx3qk65dwljvfrnflhb22yli8mrns-ginkgo-2.28.1",
              "default": true
            }
          ],
          "store_path": "/nix/store/0xnvx3qk65dwljvfrnflhb22yli8mrns-ginkgo-2.28.1"
        },
        "x86_64-darwin": {
          "outputs": [
            {
              "name": "out",
              "path": "/nix/store/qavqf3v8k2wdr2nq9dv8wl8kzgllaxci-ginkgo-2.28.1",
              "default": true
            }
          ],
          "store_path": "/nix/store/qavqf3v8k2wdr2nq9dv8wl8kzgllaxci-ginkgo-2.28.1"
        },
        "x86_64-linux": {
          "outputs": [
            {
              "name": "out",
              "path": "/nix/store/phiri6api0vqfi8dny2x8bv1fiykq188-ginkgo-2.28.1",
              "default": true
            }
          ],
          "store_path": "/nix/store/phiri6api0vqfi8dny2x8bv1fiykq188-ginkgo-2.28.1"
        }
      }
    },
    "github:NixOS/nixpkgs/nixpkgs-unstable": {
      "last_modified": "2026-01-27T15:18:14Z",
      "resolved": "github:NixOS/nixpkgs/afce96367b2e37fc29afb5543573cd49db3357b7?lastModified=1769527094&narHash=sha256-xV20Alb7ZGN7qujnsi5lG1NckSUmpIb05H2Xar73TDc%3D"
    },
    "go@latest": {
      "last_modified": "2026-01-23T17:20:52Z",
      "resolved": "github:NixOS/nixpkgs/a1bab9e494f5f4939442a57a58d0449a109593fe#go",
      "source": "devbox-search",
      "version": "1.25.5",
      "systems": {
        "aarch64-darwin": {
          "outputs": [
            {
              "name": "out",
              "path": "/nix/store/wh88zz6r1ihcp2mm7ys1f2anp8aga6n2-go-1.25.5",
              "default": true
            }
          ],
          "store_path": "/nix/store/wh88zz6r1ihcp2mm7ys1f2anp8aga6n2-go-1.25.5"
        },
        "aarch64-linux": {
          "outputs": [
            {
              "name": "out",
              "path": "/nix/store/k3knzdi0v21bf2m7vcxpdy1jnqg1h0zk-go-1.25.5",
              "default": true
            }
          ],
          "store_path": "/nix/store/k3knzdi0v21bf2m7vcxpdy1jnqg1h0zk-go-1.25.5"
        },
        "x86_64-darwin": {
          "outputs": [
            {
              "name": "out",
              "path": "/nix/store/bwdahzajhqd5x14dbvkqww5f1wpsxif3-go-1.25.5",
              "default": true
            }
          ],
          "store_path": "/nix/store/bwdahzajhqd5x14dbvkqww5f1wpsxif3-go-1.25.5"
        },
        "x86_64-linux": {
          "outputs": [
            {
              "name": "out",
              "path": "/nix/store/zzvsjgylnphvhms3lgr2qlwdxmc68z66-go-1.25.5",
              "default": true
            }
          ],
          "store_path": "/nix/store/zzvsjgylnphvhms3lgr2qlwdxmc68z66-go-1.25.5"
        }
      }
    }
  }
}
